Microsoft Visual Studio Solution File, Format Version 8.00
Project("{FAE04EC0-301F-11D3-BF4B-00C04F79EFBC}") = "Barcode", "Barcode.csproj", "{B25C70E7-7497-4CE6-8FD5-1FD1F2A516DA}"
	ProjectSection(ProjectDependencies) = postProject
	EndProjectSection
EndProject
Global
	GlobalSection(SolutionConfiguration) = preSolution
		Debug = Debug
		Release = Release
	EndGlobalSection
	GlobalSection(ProjectConfiguration) = postSolution
		{B25C70E7-7497-4CE6-8FD5-1FD1F2A516DA}.Debug.ActiveCfg = Debug|.NET
		{B25C70E7-7497-4CE6-8FD5-1FD1F2A516DA}.Debug.Build.0 = Debug|.NET
		{B25C70E7-7497-4CE6-8FD5-1FD1F2A516DA}.Release.ActiveCfg = Release|.NET
		{B25C70E7-7497-4CE6-8FD5-1FD1F2A516DA}.Release.Build.0 = Release|.NET
	EndGlobalSection
	GlobalSection(ExtensibilityGlobals) = postSolution
	EndGlobalSection
	GlobalSection(ExtensibilityAddIns) = postSolution
	EndGlobalSection
EndGlobal
